{
  "object": {
    "pins": [
      {
        "package": "AssociatedTypeRequirementsKit",
        "repositoryURL": "https://github.com/nerdsupremacist/AssociatedTypeRequirementsKit.git",
        "state": {
          "branch": null,
          "revision": "5c0b95758d2d65fdb98977ee1af5648d9d192a32",
          "version": "0.2.0"
        }
      },
      {
        "package": "CoreGraphicsShim",
        "repositoryURL": "https://github.com/Cosmo/CoreGraphicsShim.git",
        "state": {
          "branch": "master",
          "revision": "d2aec4b41d4f92371198b9a382f35749254f0a80",
          "version": null
        }
      }
    ]
  },
  "version": 1
}
